
Microsoft Visual Studio Solution File, Format Version 12.00
# Visual Studio Version 17
VisualStudioVersion = 17.7.34024.191
MinimumVisualStudioVersion = 10.0.40219.1
Project("{2150E333-8FDC-42A3-9474-1A3956D46DE8}") = "src", "src", "{9033957A-6D7B-4D70-812B-3E3AFA2E0C66}"
EndProject
Project("{2150E333-8FDC-42A3-9474-1A3956D46DE8}") = "Solution Items", "Solution Items", "{6E1B825A-9C36-432D-89E4-D7F89D61A104}"
	ProjectSection(SolutionItems) = preProject
		.gitignore = .gitignore
		..\README.md = ..\README.md
	EndProjectSection
EndProject
Project("{9A19103F-16F7-4668-BE54-9A1E7A4F7556}") = "Infrastructure", "Infrastructure\Infrastructure.csproj", "{741DD5EF-4901-409B-998A-DE1D28097BE9}"
EndProject
Project("{9A19103F-16F7-4668-BE54-9A1E7A4F7556}") = "Domain", "Domain\Domain.csproj", "{3D061152-5BBD-4EDB-BB2B-44B178BE1394}"
EndProject
Project("{9A19103F-16F7-4668-BE54-9A1E7A4F7556}") = "Application", "Application\Application.csproj", "{F9180E06-10B2-401B-B634-AD51B3988A22}"
EndProject
Project("{FAE04EC0-301F-11D3-BF4B-00C04F79EFBC}") = "Web", "Web\Web.csproj", "{5F41D5B7-3DBF-45FD-AD3E-57C3268CBC54}"
EndProject
Global
	GlobalSection(SolutionConfigurationPlatforms) = preSolution
		Debug|Any CPU = Debug|Any CPU
		Release|Any CPU = Release|Any CPU
	EndGlobalSection
	GlobalSection(ProjectConfigurationPlatforms) = postSolution
		{741DD5EF-4901-409B-998A-DE1D28097BE9}.Debug|Any CPU.ActiveCfg = Debug|Any CPU
		{741DD5EF-4901-409B-998A-DE1D28097BE9}.Debug|Any CPU.Build.0 = Debug|Any CPU
		{741DD5EF-4901-409B-998A-DE1D28097BE9}.Release|Any CPU.ActiveCfg = Release|Any CPU
		{741DD5EF-4901-409B-998A-DE1D28097BE9}.Release|Any CPU.Build.0 = Release|Any CPU
		{3D061152-5BBD-4EDB-BB2B-44B178BE1394}.Debug|Any CPU.ActiveCfg = Debug|Any CPU
		{3D061152-5BBD-4EDB-BB2B-44B178BE1394}.Debug|Any CPU.Build.0 = Debug|Any CPU
		{3D061152-5BBD-4EDB-BB2B-44B178BE1394}.Release|Any CPU.ActiveCfg = Release|Any CPU
		{3D061152-5BBD-4EDB-BB2B-44B178BE1394}.Release|Any CPU.Build.0 = Release|Any CPU
		{F9180E06-10B2-401B-B634-AD51B3988A22}.Debug|Any CPU.ActiveCfg = Debug|Any CPU
		{F9180E06-10B2-401B-B634-AD51B3988A22}.Debug|Any CPU.Build.0 = Debug|Any CPU
		{F9180E06-10B2-401B-B634-AD51B3988A22}.Release|Any CPU.ActiveCfg = Release|Any CPU
		{F9180E06-10B2-401B-B634-AD51B3988A22}.Release|Any CPU.Build.0 = Release|Any CPU
		{5F41D5B7-3DBF-45FD-AD3E-57C3268CBC54}.Debug|Any CPU.ActiveCfg = Debug|Any CPU
		{5F41D5B7-3DBF-45FD-AD3E-57C3268CBC54}.Debug|Any CPU.Build.0 = Debug|Any CPU
		{5F41D5B7-3DBF-45FD-AD3E-57C3268CBC54}.Release|Any CPU.ActiveCfg = Release|Any CPU
		{5F41D5B7-3DBF-45FD-AD3E-57C3268CBC54}.Release|Any CPU.Build.0 = Release|Any CPU
	EndGlobalSection
	GlobalSection(SolutionProperties) = preSolution
		HideSolutionNode = FALSE
	EndGlobalSection
	GlobalSection(NestedProjects) = preSolution
		{741DD5EF-4901-409B-998A-DE1D28097BE9} = {9033957A-6D7B-4D70-812B-3E3AFA2E0C66}
		{3D061152-5BBD-4EDB-BB2B-44B178BE1394} = {9033957A-6D7B-4D70-812B-3E3AFA2E0C66}
		{F9180E06-10B2-401B-B634-AD51B3988A22} = {9033957A-6D7B-4D70-812B-3E3AFA2E0C66}
		{5F41D5B7-3DBF-45FD-AD3E-57C3268CBC54} = {9033957A-6D7B-4D70-812B-3E3AFA2E0C66}
	EndGlobalSection
	GlobalSection(ExtensibilityGlobals) = postSolution
		SolutionGuid = {53778297-177A-4DFA-9892-EB10DB589728}
	EndGlobalSection
EndGlobal
